
Microsoft Visual Studio Solution File, Format Version 12.00
# Visual Studio Version 17
VisualStudioVersion = 17.3.32804.467
MinimumVisualStudioVersion = 10.0.40219.1
Project("{FAE04EC0-301F-11D3-BF4B-00C04F79EFBC}") = "COMDES-for-NMEA0183", "COMDES-for-NMEA0183\COMDES-for-NMEA0183.csproj", "{5008715C-AC53-4D21-897C-E18CBAF77266}"
EndProject
Global
	GlobalSection(SolutionConfigurationPlatforms) = preSolution
		Debug|Any CPU = Debug|Any CPU
		Release|Any CPU = Release|Any CPU
	EndGlobalSection
	GlobalSection(ProjectConfigurationPlatforms) = postSolution
		{5008715C-AC53-4D21-897C-E18CBAF77266}.Debug|Any CPU.ActiveCfg = Debug|Any CPU
		{5008715C-AC53-4D21-897C-E18CBAF77266}.Debug|Any CPU.Build.0 = Debug|Any CPU
		{5008715C-AC53-4D21-897C-E18CBAF77266}.Release|Any CPU.ActiveCfg = Release|Any CPU
		{5008715C-AC53-4D21-897C-E18CBAF77266}.Release|Any CPU.Build.0 = Release|Any CPU
	EndGlobalSection
	GlobalSection(SolutionProperties) = preSolution
		HideSolutionNode = FALSE
	EndGlobalSection
	GlobalSection(ExtensibilityGlobals) = postSolution
		SolutionGuid = {6123BB45-34DE-4B76-ACEC-935B12259593}
	EndGlobalSection
EndGlobal
